<?xml version="1.0" encoding="utf-8"?>
<Project ToolsVersion="4.0" xmlns="http://schemas.microsoft.com/developer/msbuild/2003">
  <ItemGroup>
    <Filter Include="Source Files">
      <UniqueIdentifier>{4FC737F1-C7A5-4376-A066-2A32D752A2FF}</UniqueIdentifier>
      <Extensions>cpp;c;cc;cxx;def;odl;idl;hpj;bat;asm;asmx</Extensions>
    </Filter>
    <Filter Include="Header Files">
      <UniqueIdentifier>{93995380-89BD-4b04-88EB-625FBE52EBFB}</UniqueIdentifier>
      <Extensions>h;hh;hpp;hxx;hm;inl;inc;xsd</Extensions>
    </Filter>
    <Filter Include="Resource Files">
      <UniqueIdentifier>{67DA6AB6-F800-4c08-8B7A-83BB121AAD01}</UniqueIdentifier>
      <Extensions>rc;ico;cur;bmp;dlg;rc2;rct;bin;rgs;gif;jpg;jpeg;jpe;resx;tiff;tif;png;wav;mfcribbon-ms</Extensions>
    </Filter>
    <Filter Include="Source Files\Components">
      <UniqueIdentifier>{4571927d-6361-43d9-bc45-103fa3fddc1c}</UniqueIdentifier>
    </Filter>
    <Filter Include="Header Files\Components">
      <UniqueIdentifier>{6ae9cf4d-765c-4fa2-918f-0a7f2e1a4913}</UniqueIdentifier>
    </Filter>
    <Filter Include="Header Files\Input">
      <UniqueIdentifier>{2da62fd2-e8ce-499a-92cf-15d56b23b8f4}</UniqueIdentifier>
    </Filter>
    <Filter Include="Source Files\Input">
      <UniqueIdentifier>{3ddf600d-4e2b-4162-aad2-ab83b4f7456f}</UniqueIdentifier>
    </Filter>
    <Filter Include="Header Files\Observers">
      <UniqueIdentifier>{d7581462-2f50-48fd-ba0b-5006d53b88bf}</UniqueIdentifier>
    </Filter>
    <Filter Include="Source Files\Sound">
      <UniqueIdentifier>{be14a1b4-6318-49ca-bfe8-ee01678c3fba}</UniqueIdentifier>
    </Filter>
    <Filter Include="Header Files\Sound">
      <UniqueIdentifier>{8754d044-3a78-4d0b-9549-4d43468d5da6}</UniqueIdentifier>
    </Filter>
  </ItemGroup>
  <ItemGroup>
    <ClInclude Include="ResourceManager.h">
      <Filter>Header Files</Filter>
    </ClInclude>
    <ClInclude Include="Renderer.h">
      <Filter>Header Files</Filter>
    </ClInclude>
    <ClInclude Include="GameObject.h">
      <Filter>Header Files</Filter>
    </ClInclude>
    <ClInclude Include="Transform.h">
      <Filter>Header Files</Filter>
    </ClInclude>
    <ClInclude Include="Scene.h">
      <Filter>Header Files</Filter>
    </ClInclude>
    <ClInclude Include="SceneManager.h">
      <Filter>Header Files</Filter>
    </ClInclude>
    <ClInclude Include="Font.h">
      <Filter>Header Files</Filter>
    </ClInclude>
    <ClInclude Include="Minigin.h">
      <Filter>Header Files</Filter>
    </ClInclude>
    <ClInclude Include="TextComponent.h">
      <Filter>Header Files\Components</Filter>
    </ClInclude>
    <ClInclude Include="ComponentBase.h">
      <Filter>Header Files\Components</Filter>
    </ClInclude>
    <ClInclude Include="Texture2D.h">
      <Filter>Header Files</Filter>
    </ClInclude>
    <ClInclude Include="Texture2DComponent.h">
      <Filter>Header Files\Components</Filter>
    </ClInclude>
    <ClInclude Include="InputManager.h">
      <Filter>Header Files\Input</Filter>
    </ClInclude>
    <ClInclude Include="Xinput.h">
      <Filter>Header Files\Input</Filter>
    </ClInclude>
    <ClInclude Include="Command.h">
      <Filter>Header Files\Input</Filter>
    </ClInclude>
    <ClInclude Include="Controller.h">
      <Filter>Header Files\Input</Filter>
    </ClInclude>
    <ClInclude Include="IObserver.h">
      <Filter>Header Files\Observers</Filter>
    </ClInclude>
    <ClInclude Include="Subject.h">
      <Filter>Header Files\Observers</Filter>
    </ClInclude>
    <ClInclude Include="EventType.h">
      <Filter>Header Files\Observers</Filter>
    </ClInclude>
    <ClInclude Include="ServiceLocator.h">
      <Filter>Header Files</Filter>
    </ClInclude>
    <ClInclude Include="SDLSoundSystem.h">
      <Filter>Header Files\Sound</Filter>
    </ClInclude>
    <ClInclude Include="SoundSystem.h">
      <Filter>Header Files\Sound</Filter>
    </ClInclude>
    <ClInclude Include="Singleton.h">
      <Filter>Header Files\Components</Filter>
    </ClInclude>
    <ClInclude Include="SpritesheetComponent.h">
      <Filter>Header Files\Components</Filter>
    </ClInclude>
    <ClInclude Include="RectCollider2DComponent.h">
      <Filter>Header Files\Components</Filter>
    </ClInclude>
  </ItemGroup>
  <ItemGroup>
    <ClCompile Include="ResourceManager.cpp">
      <Filter>Source Files</Filter>
    </ClCompile>
    <ClCompile Include="Renderer.cpp">
      <Filter>Source Files</Filter>
    </ClCompile>
    <ClCompile Include="GameObject.cpp">
      <Filter>Source Files</Filter>
    </ClCompile>
    <ClCompile Include="Transform.cpp">
      <Filter>Source Files</Filter>
    </ClCompile>
    <ClCompile Include="Scene.cpp">
      <Filter>Source Files</Filter>
    </ClCompile>
    <ClCompile Include="SceneManager.cpp">
      <Filter>Source Files</Filter>
    </ClCompile>
    <ClCompile Include="Font.cpp">
      <Filter>Source Files</Filter>
    </ClCompile>
    <ClCompile Include="Minigin.cpp">
      <Filter>Source Files</Filter>
    </ClCompile>
    <ClCompile Include="TextComponent.cpp">
      <Filter>Source Files\Components</Filter>
    </ClCompile>
    <ClCompile Include="Texture2D.cpp">
      <Filter>Source Files</Filter>
    </ClCompile>
    <ClCompile Include="Texture2DComponent.cpp">
      <Filter>Source Files\Components</Filter>
    </ClCompile>
    <ClCompile Include="InputManager.cpp">
      <Filter>Source Files\Input</Filter>
    </ClCompile>
    <ClCompile Include="Controller.cpp">
      <Filter>Source Files\Input</Filter>
    </ClCompile>
    <ClCompile Include="ServiceLocator.cpp">
      <Filter>Source Files</Filter>
    </ClCompile>
    <ClCompile Include="SDLSoundSystem.cpp">
      <Filter>Source Files\Sound</Filter>
    </ClCompile>
    <ClCompile Include="SpritesheetComponent.cpp">
      <Filter>Source Files\Components</Filter>
    </ClCompile>
    <ClCompile Include="RectCollider2DComponent.cpp">
      <Filter>Source Files\Components</Filter>
    </ClCompile>
  </ItemGroup>
</Project>